
Microsoft Visual Studio Solution File, Format Version 12.00
# Visual Studio Version 16
VisualStudioVersion = 16.0.30804.86
MinimumVisualStudioVersion = 10.0.40219.1
Project("{FAE04EC0-301F-11D3-BF4B-00C04F79EFBC}") = "fnapp", "fnapp.csproj", "{8ECD250B-04FE-452C-A121-C25CB6BDF5DB}"
EndProject
Global
	GlobalSection(SolutionConfigurationPlatforms) = preSolution
		Debug|Any CPU = Debug|Any CPU
		Release|Any CPU = Release|Any CPU
	EndGlobalSection
	GlobalSection(ProjectConfigurationPlatforms) = postSolution
		{8ECD250B-04FE-452C-A121-C25CB6BDF5DB}.Debug|Any CPU.ActiveCfg = Debug|Any CPU
		{8ECD250B-04FE-452C-A121-C25CB6BDF5DB}.Debug|Any CPU.Build.0 = Debug|Any CPU
		{8ECD250B-04FE-452C-A121-C25CB6BDF5DB}.Release|Any CPU.ActiveCfg = Release|Any CPU
		{8ECD250B-04FE-452C-A121-C25CB6BDF5DB}.Release|Any CPU.Build.0 = Release|Any CPU
	EndGlobalSection
	GlobalSection(SolutionProperties) = preSolution
		HideSolutionNode = FALSE
	EndGlobalSection
	GlobalSection(ExtensibilityGlobals) = postSolution
		SolutionGuid = {D4E23A0F-E784-42B6-96D3-001A24850DC5}
	EndGlobalSection
EndGlobal
